{
  "name": "@dtconcepts/timds",
  "version": "0.1.0",
  "lockfileVersion": 3,
  "requires": true,
  "packages": {
    "": {
      "name": "@dtconcepts/timds",
      "version": "0.1.0",
      "license": "UNLICENSED",
      "bin": {
        "timds": "bin/timds.mjs"
      },
      "engines": {
        "node": ">=20"
      }
    }
  }
}
