{
  "name": "@dtconcepts/timds",
  "version": "0.1.405",
  "lockfileVersion": 3,
  "requires": true,
  "packages": {
    "": {
      "name": "@dtconcepts/timds",
      "version": "0.1.405",
      "license": "UNLICENSED",
      "bin": {
        "timds": "bin/timds.mjs",
        "timds-publish-artifact": "scripts/publish-artifact.mjs"
      },
      "engines": {
        "node": ">=20"
      }
    }
  }
}
